// !$*UTF8*$!
{
	archiveVersion = 1;
	classes = {
	};
	objectVersion = 56;
	objects = {

/* Begin PBXBuildFile section */
		8DE7BFD12A20B959004853A1 /* AfricanAnimalsApp.swift in Sources */ = {isa = PBXBuildFile; fileRef = 8DE7BFD02A20B959004853A1 /* AfricanAnimalsApp.swift */; };
		8DE7BFD32A20B959004853A1 /* ContentView.swift in Sources */ = {isa = PBXBuildFile; fileRef = 8DE7BFD22A20B959004853A1 /* ContentView.swift */; };
		8DE7BFD52A20B95E004853A1 /* Assets.xcassets in Resources */ = {isa = PBXBuildFile; fileRef = 8DE7BFD42A20B95E004853A1 /* Assets.xcassets */; };
		8DE7BFD82A20B95E004853A1 /* Preview Assets.xcassets in Resources */ = {isa = PBXBuildFile; fileRef = 8DE7BFD72A20B95E004853A1 /* Preview Assets.xcassets */; };
		8DE7BFE92A20BAB0004853A1 /* lion.mp4 in Resources */ = {isa = PBXBuildFile; fileRef = 8DE7BFDF2A20BAAD004853A1 /* lion.mp4 */; };
		8DE7BFEA2A20BAB0004853A1 /* lioness.mp4 in Resources */ = {isa = PBXBuildFile; fileRef = 8DE7BFE02A20BAAD004853A1 /* lioness.mp4 */; };
		8DE7BFEB2A20BAB0004853A1 /* gorilla.mp4 in Resources */ = {isa = PBXBuildFile; fileRef = 8DE7BFE12A20BAAE004853A1 /* gorilla.mp4 */; };
		8DE7BFEC2A20BAB0004853A1 /* giraffe.mp4 in Resources */ = {isa = PBXBuildFile; fileRef = 8DE7BFE22A20BAAE004853A1 /* giraffe.mp4 */; };
		8DE7BFED2A20BAB0004853A1 /* hippo.mp4 in Resources */ = {isa = PBXBuildFile; fileRef = 8DE7BFE32A20BAAE004853A1 /* hippo.mp4 */; };
		8DE7BFEE2A20BAB0004853A1 /* ostrich.mp4 in Resources */ = {isa = PBXBuildFile; fileRef = 8DE7BFE42A20BAAF004853A1 /* ostrich.mp4 */; };
		8DE7BFEF2A20BAB0004853A1 /* rhino.mp4 in Resources */ = {isa = PBXBuildFile; fileRef = 8DE7BFE52A20BAAF004853A1 /* rhino.mp4 */; };
		8DE7BFF02A20BAB0004853A1 /* elephant.mp4 in Resources */ = {isa = PBXBuildFile; fileRef = 8DE7BFE62A20BAAF004853A1 /* elephant.mp4 */; };
		8DE7BFF12A20BAB0004853A1 /* cheetah.mp4 in Resources */ = {isa = PBXBuildFile; fileRef = 8DE7BFE72A20BAB0004853A1 /* cheetah.mp4 */; };
		8DE7BFF22A20BAB0004853A1 /* zebra.mp4 in Resources */ = {isa = PBXBuildFile; fileRef = 8DE7BFE82A20BAB0004853A1 /* zebra.mp4 */; };
		8DE7BFF82A20BADA004853A1 /* covers.json in Resources */ = {isa = PBXBuildFile; fileRef = 8DE7BFF42A20BADA004853A1 /* covers.json */; };
		8DE7BFF92A20BADA004853A1 /* locations.json in Resources */ = {isa = PBXBuildFile; fileRef = 8DE7BFF52A20BADA004853A1 /* locations.json */; };
		8DE7BFFA2A20BADA004853A1 /* videos.json in Resources */ = {isa = PBXBuildFile; fileRef = 8DE7BFF62A20BADA004853A1 /* videos.json */; };
		8DE7BFFB2A20BADA004853A1 /* animals.json in Resources */ = {isa = PBXBuildFile; fileRef = 8DE7BFF72A20BADA004853A1 /* animals.json */; };
		8DE7BFFF2A20C0E0004853A1 /* VideoListView.swift in Sources */ = {isa = PBXBuildFile; fileRef = 8DE7BFFE2A20C0DF004853A1 /* VideoListView.swift */; };
		8DE7C0012A20C0F7004853A1 /* MapView.swift in Sources */ = {isa = PBXBuildFile; fileRef = 8DE7C0002A20C0F7004853A1 /* MapView.swift */; };
		8DE7C0032A20C106004853A1 /* GalleryView.swift in Sources */ = {isa = PBXBuildFile; fileRef = 8DE7C0022A20C106004853A1 /* GalleryView.swift */; };
		8DE7C0052A20C112004853A1 /* MainView.swift in Sources */ = {isa = PBXBuildFile; fileRef = 8DE7C0042A20C112004853A1 /* MainView.swift */; };
		8DE7C0082A20C8E2004853A1 /* CoverImageView.swift in Sources */ = {isa = PBXBuildFile; fileRef = 8DE7C0072A20C8E2004853A1 /* CoverImageView.swift */; };
		8DE7C00B2A20CC6E004853A1 /* CoverImageModel.swift in Sources */ = {isa = PBXBuildFile; fileRef = 8DE7C00A2A20CC6E004853A1 /* CoverImageModel.swift */; };
		8DE7C00E2A20CD62004853A1 /* CodableBundleExtension.swift in Sources */ = {isa = PBXBuildFile; fileRef = 8DE7C00D2A20CD62004853A1 /* CodableBundleExtension.swift */; };
		8DE7C0102A20D35E004853A1 /* AnimalListItemView.swift in Sources */ = {isa = PBXBuildFile; fileRef = 8DE7C00F2A20D35E004853A1 /* AnimalListItemView.swift */; };
		8DE7C0122A20D53C004853A1 /* AnimalModel.swift in Sources */ = {isa = PBXBuildFile; fileRef = 8DE7C0112A20D53C004853A1 /* AnimalModel.swift */; };
		8DE7C0142A20EDA4004853A1 /* AnimalDetailView.swift in Sources */ = {isa = PBXBuildFile; fileRef = 8DE7C0132A20EDA4004853A1 /* AnimalDetailView.swift */; };
		8DE7C0162A20EFD8004853A1 /* HeadingView.swift in Sources */ = {isa = PBXBuildFile; fileRef = 8DE7C0152A20EFD8004853A1 /* HeadingView.swift */; };
		8DE7C0182A20F151004853A1 /* InsetGalleryView.swift in Sources */ = {isa = PBXBuildFile; fileRef = 8DE7C0172A20F151004853A1 /* InsetGalleryView.swift */; };
		8DE7C01A2A20F9C9004853A1 /* InsetFactView.swift in Sources */ = {isa = PBXBuildFile; fileRef = 8DE7C0192A20F9C9004853A1 /* InsetFactView.swift */; };
		8DE7C01C2A20FB74004853A1 /* InsetMapView.swift in Sources */ = {isa = PBXBuildFile; fileRef = 8DE7C01B2A20FB74004853A1 /* InsetMapView.swift */; };
		8DE7C01E2A2100CD004853A1 /* ExternalWebLinkView.swift in Sources */ = {isa = PBXBuildFile; fileRef = 8DE7C01D2A2100CD004853A1 /* ExternalWebLinkView.swift */; };
		8DE7C0202A2107DA004853A1 /* VideoModel.swift in Sources */ = {isa = PBXBuildFile; fileRef = 8DE7C01F2A2107DA004853A1 /* VideoModel.swift */; };
/* End PBXBuildFile section */

/* Begin PBXFileReference section */
		8DE7BFCD2A20B959004853A1 /* AfricanAnimals.app */ = {isa = PBXFileReference; explicitFileType = wrapper.application; includeInIndex = 0; path = AfricanAnimals.app; sourceTree = BUILT_PRODUCTS_DIR; };
		8DE7BFD02A20B959004853A1 /* AfricanAnimalsApp.swift */ = {isa = PBXFileReference; lastKnownFileType = sourcecode.swift; path = AfricanAnimalsApp.swift; sourceTree = "<group>"; };
		8DE7BFD22A20B959004853A1 /* ContentView.swift */ = {isa = PBXFileReference; lastKnownFileType = sourcecode.swift; path = ContentView.swift; sourceTree = "<group>"; };
		8DE7BFD42A20B95E004853A1 /* Assets.xcassets */ = {isa = PBXFileReference; lastKnownFileType = folder.assetcatalog; path = Assets.xcassets; sourceTree = "<group>"; };
		8DE7BFD72A20B95E004853A1 /* Preview Assets.xcassets */ = {isa = PBXFileReference; lastKnownFileType = folder.assetcatalog; path = "Preview Assets.xcassets"; sourceTree = "<group>"; };
		8DE7BFDF2A20BAAD004853A1 /* lion.mp4 */ = {isa = PBXFileReference; lastKnownFileType = file; path = lion.mp4; sourceTree = "<group>"; };
		8DE7BFE02A20BAAD004853A1 /* lioness.mp4 */ = {isa = PBXFileReference; lastKnownFileType = file; path = lioness.mp4; sourceTree = "<group>"; };
		8DE7BFE12A20BAAE004853A1 /* gorilla.mp4 */ = {isa = PBXFileReference; lastKnownFileType = file; path = gorilla.mp4; sourceTree = "<group>"; };
		8DE7BFE22A20BAAE004853A1 /* giraffe.mp4 */ = {isa = PBXFileReference; lastKnownFileType = file; path = giraffe.mp4; sourceTree = "<group>"; };
		8DE7BFE32A20BAAE004853A1 /* hippo.mp4 */ = {isa = PBXFileReference; lastKnownFileType = file; path = hippo.mp4; sourceTree = "<group>"; };
		8DE7BFE42A20BAAF004853A1 /* ostrich.mp4 */ = {isa = PBXFileReference; lastKnownFileType = file; path = ostrich.mp4; sourceTree = "<group>"; };
		8DE7BFE52A20BAAF004853A1 /* rhino.mp4 */ = {isa = PBXFileReference; lastKnownFileType = file; path = rhino.mp4; sourceTree = "<group>"; };
		8DE7BFE62A20BAAF004853A1 /* elephant.mp4 */ = {isa = PBXFileReference; lastKnownFileType = file; path = elephant.mp4; sourceTree = "<group>"; };
		8DE7BFE72A20BAB0004853A1 /* cheetah.mp4 */ = {isa = PBXFileReference; lastKnownFileType = file; path = cheetah.mp4; sourceTree = "<group>"; };
		8DE7BFE82A20BAB0004853A1 /* zebra.mp4 */ = {isa = PBXFileReference; lastKnownFileType = file; path = zebra.mp4; sourceTree = "<group>"; };
		8DE7BFF42A20BADA004853A1 /* covers.json */ = {isa = PBXFileReference; fileEncoding = 4; lastKnownFileType = text.json; path = covers.json; sourceTree = "<group>"; };
		8DE7BFF52A20BADA004853A1 /* locations.json */ = {isa = PBXFileReference; fileEncoding = 4; lastKnownFileType = text.json; path = locations.json; sourceTree = "<group>"; };
		8DE7BFF62A20BADA004853A1 /* videos.json */ = {isa = PBXFileReference; fileEncoding = 4; lastKnownFileType = text.json; path = videos.json; sourceTree = "<group>"; };
		8DE7BFF72A20BADA004853A1 /* animals.json */ = {isa = PBXFileReference; fileEncoding = 4; lastKnownFileType = text.json; path = animals.json; sourceTree = "<group>"; };
		8DE7BFFC2A20BB98004853A1 /* Info.plist */ = {isa = PBXFileReference; lastKnownFileType = text.plist; path = Info.plist; sourceTree = "<group>"; };
		8DE7BFFE2A20C0DF004853A1 /* VideoListView.swift */ = {isa = PBXFileReference; lastKnownFileType = sourcecode.swift; path = VideoListView.swift; sourceTree = "<group>"; };
		8DE7C0002A20C0F7004853A1 /* MapView.swift */ = {isa = PBXFileReference; lastKnownFileType = sourcecode.swift; path = MapView.swift; sourceTree = "<group>"; };
		8DE7C0022A20C106004853A1 /* GalleryView.swift */ = {isa = PBXFileReference; lastKnownFileType = sourcecode.swift; path = GalleryView.swift; sourceTree = "<group>"; };
		8DE7C0042A20C112004853A1 /* MainView.swift */ = {isa = PBXFileReference; lastKnownFileType = sourcecode.swift; path = MainView.swift; sourceTree = "<group>"; };
		8DE7C0072A20C8E2004853A1 /* CoverImageView.swift */ = {isa = PBXFileReference; lastKnownFileType = sourcecode.swift; path = CoverImageView.swift; sourceTree = "<group>"; };
		8DE7C00A2A20CC6E004853A1 /* CoverImageModel.swift */ = {isa = PBXFileReference; lastKnownFileType = sourcecode.swift; path = CoverImageModel.swift; sourceTree = "<group>"; };
		8DE7C00D2A20CD62004853A1 /* CodableBundleExtension.swift */ = {isa = PBXFileReference; lastKnownFileType = sourcecode.swift; path = CodableBundleExtension.swift; sourceTree = "<group>"; };
		8DE7C00F2A20D35E004853A1 /* AnimalListItemView.swift */ = {isa = PBXFileReference; lastKnownFileType = sourcecode.swift; path = AnimalListItemView.swift; sourceTree = "<group>"; };
		8DE7C0112A20D53C004853A1 /* AnimalModel.swift */ = {isa = PBXFileReference; lastKnownFileType = sourcecode.swift; path = AnimalModel.swift; sourceTree = "<group>"; };
		8DE7C0132A20EDA4004853A1 /* AnimalDetailView.swift */ = {isa = PBXFileReference; lastKnownFileType = sourcecode.swift; path = AnimalDetailView.swift; sourceTree = "<group>"; };
		8DE7C0152A20EFD8004853A1 /* HeadingView.swift */ = {isa = PBXFileReference; lastKnownFileType = sourcecode.swift; path = HeadingView.swift; sourceTree = "<group>"; };
		8DE7C0172A20F151004853A1 /* InsetGalleryView.swift */ = {isa = PBXFileReference; lastKnownFileType = sourcecode.swift; path = InsetGalleryView.swift; sourceTree = "<group>"; };
		8DE7C0192A20F9C9004853A1 /* InsetFactView.swift */ = {isa = PBXFileReference; lastKnownFileType = sourcecode.swift; path = InsetFactView.swift; sourceTree = "<group>"; };
		8DE7C01B2A20FB74004853A1 /* InsetMapView.swift */ = {isa = PBXFileReference; lastKnownFileType = sourcecode.swift; path = InsetMapView.swift; sourceTree = "<group>"; };
		8DE7C01D2A2100CD004853A1 /* ExternalWebLinkView.swift */ = {isa = PBXFileReference; lastKnownFileType = sourcecode.swift; path = ExternalWebLinkView.swift; sourceTree = "<group>"; };
		8DE7C01F2A2107DA004853A1 /* VideoModel.swift */ = {isa = PBXFileReference; lastKnownFileType = sourcecode.swift; path = VideoModel.swift; sourceTree = "<group>"; };
/* End PBXFileReference section */

/* Begin PBXFrameworksBuildPhase section */
		8DE7BFCA2A20B959004853A1 /* Frameworks */ = {
			isa = PBXFrameworksBuildPhase;
			buildActionMask = 2147483647;
			files = (
			);
			runOnlyForDeploymentPostprocessing = 0;
		};
/* End PBXFrameworksBuildPhase section */

/* Begin PBXGroup section */
		8DE7BFC42A20B959004853A1 = {
			isa = PBXGroup;
			children = (
				8DE7BFCF2A20B959004853A1 /* AfricanAnimals */,
				8DE7BFCE2A20B959004853A1 /* Products */,
			);
			sourceTree = "<group>";
		};
		8DE7BFCE2A20B959004853A1 /* Products */ = {
			isa = PBXGroup;
			children = (
				8DE7BFCD2A20B959004853A1 /* AfricanAnimals.app */,
			);
			name = Products;
			sourceTree = "<group>";
		};
		8DE7BFCF2A20B959004853A1 /* AfricanAnimals */ = {
			isa = PBXGroup;
			children = (
				8DE7C00C2A20CD53004853A1 /* Extension */,
				8DE7C0092A20CC60004853A1 /* Model */,
				8DE7C0062A20C8D4004853A1 /* View */,
				8DE7BFF32A20BAC6004853A1 /* Data */,
				8DE7BFDE2A20BA9A004853A1 /* Video */,
				8DE7BFFD2A20C079004853A1 /* App */,
				8DE7BFD42A20B95E004853A1 /* Assets.xcassets */,
				8DE7BFFC2A20BB98004853A1 /* Info.plist */,
				8DE7BFD62A20B95E004853A1 /* Preview Content */,
			);
			path = AfricanAnimals;
			sourceTree = "<group>";
		};
		8DE7BFD62A20B95E004853A1 /* Preview Content */ = {
			isa = PBXGroup;
			children = (
				8DE7BFD72A20B95E004853A1 /* Preview Assets.xcassets */,
			);
			path = "Preview Content";
			sourceTree = "<group>";
		};
		8DE7BFDE2A20BA9A004853A1 /* Video */ = {
			isa = PBXGroup;
			children = (
				8DE7BFE72A20BAB0004853A1 /* cheetah.mp4 */,
				8DE7BFE62A20BAAF004853A1 /* elephant.mp4 */,
				8DE7BFE22A20BAAE004853A1 /* giraffe.mp4 */,
				8DE7BFE12A20BAAE004853A1 /* gorilla.mp4 */,
				8DE7BFE32A20BAAE004853A1 /* hippo.mp4 */,
				8DE7BFDF2A20BAAD004853A1 /* lion.mp4 */,
				8DE7BFE02A20BAAD004853A1 /* lioness.mp4 */,
				8DE7BFE42A20BAAF004853A1 /* ostrich.mp4 */,
				8DE7BFE52A20BAAF004853A1 /* rhino.mp4 */,
				8DE7BFE82A20BAB0004853A1 /* zebra.mp4 */,
			);
			path = Video;
			sourceTree = "<group>";
		};
		8DE7BFF32A20BAC6004853A1 /* Data */ = {
			isa = PBXGroup;
			children = (
				8DE7BFF72A20BADA004853A1 /* animals.json */,
				8DE7BFF42A20BADA004853A1 /* covers.json */,
				8DE7BFF52A20BADA004853A1 /* locations.json */,
				8DE7BFF62A20BADA004853A1 /* videos.json */,
			);
			path = Data;
			sourceTree = "<group>";
		};
		8DE7BFFD2A20C079004853A1 /* App */ = {
			isa = PBXGroup;
			children = (
				8DE7BFD02A20B959004853A1 /* AfricanAnimalsApp.swift */,
				8DE7BFD22A20B959004853A1 /* ContentView.swift */,
				8DE7BFFE2A20C0DF004853A1 /* VideoListView.swift */,
				8DE7C0002A20C0F7004853A1 /* MapView.swift */,
				8DE7C0022A20C106004853A1 /* GalleryView.swift */,
				8DE7C0042A20C112004853A1 /* MainView.swift */,
			);
			path = App;
			sourceTree = "<group>";
		};
		8DE7C0062A20C8D4004853A1 /* View */ = {
			isa = PBXGroup;
			children = (
				8DE7C0072A20C8E2004853A1 /* CoverImageView.swift */,
				8DE7C00F2A20D35E004853A1 /* AnimalListItemView.swift */,
				8DE7C0132A20EDA4004853A1 /* AnimalDetailView.swift */,
				8DE7C0152A20EFD8004853A1 /* HeadingView.swift */,
				8DE7C0172A20F151004853A1 /* InsetGalleryView.swift */,
				8DE7C0192A20F9C9004853A1 /* InsetFactView.swift */,
				8DE7C01B2A20FB74004853A1 /* InsetMapView.swift */,
				8DE7C01D2A2100CD004853A1 /* ExternalWebLinkView.swift */,
			);
			path = View;
			sourceTree = "<group>";
		};
		8DE7C0092A20CC60004853A1 /* Model */ = {
			isa = PBXGroup;
			children = (
				8DE7C00A2A20CC6E004853A1 /* CoverImageModel.swift */,
				8DE7C0112A20D53C004853A1 /* AnimalModel.swift */,
				8DE7C01F2A2107DA004853A1 /* VideoModel.swift */,
			);
			path = Model;
			sourceTree = "<group>";
		};
		8DE7C00C2A20CD53004853A1 /* Extension */ = {
			isa = PBXGroup;
			children = (
				8DE7C00D2A20CD62004853A1 /* CodableBundleExtension.swift */,
			);
			path = Extension;
			sourceTree = "<group>";
		};
/* End PBXGroup section */

/* Begin PBXNativeTarget section */
		8DE7BFCC2A20B959004853A1 /* AfricanAnimals */ = {
			isa = PBXNativeTarget;
			buildConfigurationList = 8DE7BFDB2A20B95E004853A1 /* Build configuration list for PBXNativeTarget "AfricanAnimals" */;
			buildPhases = (
				8DE7BFC92A20B959004853A1 /* Sources */,
				8DE7BFCA2A20B959004853A1 /* Frameworks */,
				8DE7BFCB2A20B959004853A1 /* Resources */,
			);
			buildRules = (
			);
			dependencies = (
			);
			name = AfricanAnimals;
			productName = AfricanAnimals;
			productReference = 8DE7BFCD2A20B959004853A1 /* AfricanAnimals.app */;
			productType = "com.apple.product-type.application";
		};
/* End PBXNativeTarget section */

/* Begin PBXProject section */
		8DE7BFC52A20B959004853A1 /* Project object */ = {
			isa = PBXProject;
			attributes = {
				BuildIndependentTargetsInParallel = 1;
				LastSwiftUpdateCheck = 1420;
				LastUpgradeCheck = 1420;
				TargetAttributes = {
					8DE7BFCC2A20B959004853A1 = {
						CreatedOnToolsVersion = 14.2;
					};
				};
			};
			buildConfigurationList = 8DE7BFC82A20B959004853A1 /* Build configuration list for PBXProject "AfricanAnimals" */;
			compatibilityVersion = "Xcode 14.0";
			developmentRegion = en;
			hasScannedForEncodings = 0;
			knownRegions = (
				en,
				Base,
			);
			mainGroup = 8DE7BFC42A20B959004853A1;
			productRefGroup = 8DE7BFCE2A20B959004853A1 /* Products */;
			projectDirPath = "";
			projectRoot = "";
			targets = (
				8DE7BFCC2A20B959004853A1 /* AfricanAnimals */,
			);
		};
/* End PBXProject section */

/* Begin PBXResourcesBuildPhase section */
		8DE7BFCB2A20B959004853A1 /* Resources */ = {
			isa = PBXResourcesBuildPhase;
			buildActionMask = 2147483647;
			files = (
				8DE7BFF92A20BADA004853A1 /* locations.json in Resources */,
				8DE7BFF82A20BADA004853A1 /* covers.json in Resources */,
				8DE7BFFA2A20BADA004853A1 /* videos.json in Resources */,
				8DE7BFD82A20B95E004853A1 /* Preview Assets.xcassets in Resources */,
				8DE7BFE92A20BAB0004853A1 /* lion.mp4 in Resources */,
				8DE7BFED2A20BAB0004853A1 /* hippo.mp4 in Resources */,
				8DE7BFEF2A20BAB0004853A1 /* rhino.mp4 in Resources */,
				8DE7BFF22A20BAB0004853A1 /* zebra.mp4 in Resources */,
				8DE7BFEC2A20BAB0004853A1 /* giraffe.mp4 in Resources */,
				8DE7BFFB2A20BADA004853A1 /* animals.json in Resources */,
				8DE7BFEB2A20BAB0004853A1 /* gorilla.mp4 in Resources */,
				8DE7BFD52A20B95E004853A1 /* Assets.xcassets in Resources */,
				8DE7BFEE2A20BAB0004853A1 /* ostrich.mp4 in Resources */,
				8DE7BFF02A20BAB0004853A1 /* elephant.mp4 in Resources */,
				8DE7BFEA2A20BAB0004853A1 /* lioness.mp4 in Resources */,
				8DE7BFF12A20BAB0004853A1 /* cheetah.mp4 in Resources */,
			);
			runOnlyForDeploymentPostprocessing = 0;
		};
/* End PBXResourcesBuildPhase section */

/* Begin PBXSourcesBuildPhase section */
		8DE7BFC92A20B959004853A1 /* Sources */ = {
			isa = PBXSourcesBuildPhase;
			buildActionMask = 2147483647;
			files = (
				8DE7BFD32A20B959004853A1 /* ContentView.swift in Sources */,
				8DE7C0102A20D35E004853A1 /* AnimalListItemView.swift in Sources */,
				8DE7C0052A20C112004853A1 /* MainView.swift in Sources */,
				8DE7C01A2A20F9C9004853A1 /* InsetFactView.swift in Sources */,
				8DE7C0082A20C8E2004853A1 /* CoverImageView.swift in Sources */,
				8DE7C00B2A20CC6E004853A1 /* CoverImageModel.swift in Sources */,
				8DE7C0142A20EDA4004853A1 /* AnimalDetailView.swift in Sources */,
				8DE7C0122A20D53C004853A1 /* AnimalModel.swift in Sources */,
				8DE7C0012A20C0F7004853A1 /* MapView.swift in Sources */,
				8DE7C01C2A20FB74004853A1 /* InsetMapView.swift in Sources */,
				8DE7BFD12A20B959004853A1 /* AfricanAnimalsApp.swift in Sources */,
				8DE7C01E2A2100CD004853A1 /* ExternalWebLinkView.swift in Sources */,
				8DE7BFFF2A20C0E0004853A1 /* VideoListView.swift in Sources */,
				8DE7C0202A2107DA004853A1 /* VideoModel.swift in Sources */,
				8DE7C0032A20C106004853A1 /* GalleryView.swift in Sources */,
				8DE7C0182A20F151004853A1 /* InsetGalleryView.swift in Sources */,
				8DE7C00E2A20CD62004853A1 /* CodableBundleExtension.swift in Sources */,
				8DE7C0162A20EFD8004853A1 /* HeadingView.swift in Sources */,
			);
			runOnlyForDeploymentPostprocessing = 0;
		};
/* End PBXSourcesBuildPhase section */

/* Begin XCBuildConfiguration section */
		8DE7BFD92A20B95E004853A1 /* Debug */ = {
			isa = XCBuildConfiguration;
			buildSettings = {
				ALWAYS_SEARCH_USER_PATHS = NO;
				CLANG_ANALYZER_NONNULL = YES;
				CLANG_ANALYZER_NUMBER_OBJECT_CONVERSION = YES_AGGRESSIVE;
				CLANG_CXX_LANGUAGE_STANDARD = "gnu++20";
				CLANG_ENABLE_MODULES = YES;
				CLANG_ENABLE_OBJC_ARC = YES;
				CLANG_ENABLE_OBJC_WEAK = YES;
				CLANG_WARN_BLOCK_CAPTURE_AUTORELEASING = YES;
				CLANG_WARN_BOOL_CONVERSION = YES;
				CLANG_WARN_COMMA = YES;
				CLANG_WARN_CONSTANT_CONVERSION = YES;
				CLANG_WARN_DEPRECATED_OBJC_IMPLEMENTATIONS = YES;
				CLANG_WARN_DIRECT_OBJC_ISA_USAGE = YES_ERROR;
				CLANG_WARN_DOCUMENTATION_COMMENTS = YES;
				CLANG_WARN_EMPTY_BODY = YES;
				CLANG_WARN_ENUM_CONVERSION = YES;
				CLANG_WARN_INFINITE_RECURSION = YES;
				CLANG_WARN_INT_CONVERSION = YES;
				CLANG_WARN_NON_LITERAL_NULL_CONVERSION = YES;
				CLANG_WARN_OBJC_IMPLICIT_RETAIN_SELF = YES;
				CLANG_WARN_OBJC_LITERAL_CONVERSION = YES;
				CLANG_WARN_OBJC_ROOT_CLASS = YES_ERROR;
				CLANG_WARN_QUOTED_INCLUDE_IN_FRAMEWORK_HEADER = YES;
				CLANG_WARN_RANGE_LOOP_ANALYSIS = YES;
				CLANG_WARN_STRICT_PROTOTYPES = YES;
				CLANG_WARN_SUSPICIOUS_MOVE = YES;
				CLANG_WARN_UNGUARDED_AVAILABILITY = YES_AGGRESSIVE;
				CLANG_WARN_UNREACHABLE_CODE = YES;
				CLANG_WARN__DUPLICATE_METHOD_MATCH = YES;
				COPY_PHASE_STRIP = NO;
				DEBUG_INFORMATION_FORMAT = dwarf;
				ENABLE_STRICT_OBJC_MSGSEND = YES;
				ENABLE_TESTABILITY = YES;
				GCC_C_LANGUAGE_STANDARD = gnu11;
				GCC_DYNAMIC_NO_PIC = NO;
				GCC_NO_COMMON_BLOCKS = YES;
				GCC_OPTIMIZATION_LEVEL = 0;
				GCC_PREPROCESSOR_DEFINITIONS = (
					"DEBUG=1",
					"$(inherited)",
				);
				GCC_WARN_64_TO_32_BIT_CONVERSION = YES;
				GCC_WARN_ABOUT_RETURN_TYPE = YES_ERROR;
				GCC_WARN_UNDECLARED_SELECTOR = YES;
				GCC_WARN_UNINITIALIZED_AUTOS = YES_AGGRESSIVE;
				GCC_WARN_UNUSED_FUNCTION = YES;
				GCC_WARN_UNUSED_VARIABLE = YES;
				IPHONEOS_DEPLOYMENT_TARGET = 16.2;
				MTL_ENABLE_DEBUG_INFO = INCLUDE_SOURCE;
				MTL_FAST_MATH = YES;
				ONLY_ACTIVE_ARCH = YES;
				SDKROOT = iphoneos;
				SWIFT_ACTIVE_COMPILATION_CONDITIONS = DEBUG;
				SWIFT_OPTIMIZATION_LEVEL = "-Onone";
			};
			name = Debug;
		};
		8DE7BFDA2A20B95E004853A1 /* Release */ = {
			isa = XCBuildConfiguration;
			buildSettings = {
				ALWAYS_SEARCH_USER_PATHS = NO;
				CLANG_ANALYZER_NONNULL = YES;
				CLANG_ANALYZER_NUMBER_OBJECT_CONVERSION = YES_AGGRESSIVE;
				CLANG_CXX_LANGUAGE_STANDARD = "gnu++20";
				CLANG_ENABLE_MODULES = YES;
				CLANG_ENABLE_OBJC_ARC = YES;
				CLANG_ENABLE_OBJC_WEAK = YES;
				CLANG_WARN_BLOCK_CAPTURE_AUTORELEASING = YES;
				CLANG_WARN_BOOL_CONVERSION = YES;
				CLANG_WARN_COMMA = YES;
				CLANG_WARN_CONSTANT_CONVERSION = YES;
				CLANG_WARN_DEPRECATED_OBJC_IMPLEMENTATIONS = YES;
				CLANG_WARN_DIRECT_OBJC_ISA_USAGE = YES_ERROR;
				CLANG_WARN_DOCUMENTATION_COMMENTS = YES;
				CLANG_WARN_EMPTY_BODY = YES;
				CLANG_WARN_ENUM_CONVERSION = YES;
				CLANG_WARN_INFINITE_RECURSION = YES;
				CLANG_WARN_INT_CONVERSION = YES;
				CLANG_WARN_NON_LITERAL_NULL_CONVERSION = YES;
				CLANG_WARN_OBJC_IMPLICIT_RETAIN_SELF = YES;
				CLANG_WARN_OBJC_LITERAL_CONVERSION = YES;
				CLANG_WARN_OBJC_ROOT_CLASS = YES_ERROR;
				CLANG_WARN_QUOTED_INCLUDE_IN_FRAMEWORK_HEADER = YES;
				CLANG_WARN_RANGE_LOOP_ANALYSIS = YES;
				CLANG_WARN_STRICT_PROTOTYPES = YES;
				CLANG_WARN_SUSPICIOUS_MOVE = YES;
				CLANG_WARN_UNGUARDED_AVAILABILITY = YES_AGGRESSIVE;
				CLANG_WARN_UNREACHABLE_CODE = YES;
				CLANG_WARN__DUPLICATE_METHOD_MATCH = YES;
				COPY_PHASE_STRIP = NO;
				DEBUG_INFORMATION_FORMAT = "dwarf-with-dsym";
				ENABLE_NS_ASSERTIONS = NO;
				ENABLE_STRICT_OBJC_MSGSEND = YES;
				GCC_C_LANGUAGE_STANDARD = gnu11;
				GCC_NO_COMMON_BLOCKS = YES;
				GCC_WARN_64_TO_32_BIT_CONVERSION = YES;
				GCC_WARN_ABOUT_RETURN_TYPE = YES_ERROR;
				GCC_WARN_UNDECLARED_SELECTOR = YES;
				GCC_WARN_UNINITIALIZED_AUTOS = YES_AGGRESSIVE;
				GCC_WARN_UNUSED_FUNCTION = YES;
				GCC_WARN_UNUSED_VARIABLE = YES;
				IPHONEOS_DEPLOYMENT_TARGET = 16.2;
				MTL_ENABLE_DEBUG_INFO = NO;
				MTL_FAST_MATH = YES;
				SDKROOT = iphoneos;
				SWIFT_COMPILATION_MODE = wholemodule;
				SWIFT_OPTIMIZATION_LEVEL = "-O";
				VALIDATE_PRODUCT = YES;
			};
			name = Release;
		};
		8DE7BFDC2A20B95E004853A1 /* Debug */ = {
			isa = XCBuildConfiguration;
			buildSettings = {
				ASSETCATALOG_COMPILER_APPICON_NAME = AppIcon;
				ASSETCATALOG_COMPILER_GLOBAL_ACCENT_COLOR_NAME = AccentColor;
				CODE_SIGN_STYLE = Automatic;
				CURRENT_PROJECT_VERSION = 1;
				DEVELOPMENT_ASSET_PATHS = "\"AfricanAnimals/Preview Content\"";
				ENABLE_PREVIEWS = YES;
				GENERATE_INFOPLIST_FILE = YES;
				INFOPLIST_FILE = AfricanAnimals/Info.plist;
				INFOPLIST_KEY_UIApplicationSceneManifest_Generation = YES;
				INFOPLIST_KEY_UIApplicationSupportsIndirectInputEvents = YES;
				INFOPLIST_KEY_UISupportedInterfaceOrientations = UIInterfaceOrientationPortrait;
				INFOPLIST_KEY_UIUserInterfaceStyle = Dark;
				LD_RUNPATH_SEARCH_PATHS = (
					"$(inherited)",
					"@executable_path/Frameworks",
				);
				MARKETING_VERSION = 1.0;
				PRODUCT_BUNDLE_IDENTIFIER = com.demo.AfricanAnimals;
				PRODUCT_NAME = "$(TARGET_NAME)";
				SWIFT_EMIT_LOC_STRINGS = YES;
				SWIFT_VERSION = 5.0;
				TARGETED_DEVICE_FAMILY = "1,2";
			};
			name = Debug;
		};
		8DE7BFDD2A20B95E004853A1 /* Release */ = {
			isa = XCBuildConfiguration;
			buildSettings = {
				ASSETCATALOG_COMPILER_APPICON_NAME = AppIcon;
				ASSETCATALOG_COMPILER_GLOBAL_ACCENT_COLOR_NAME = AccentColor;
				CODE_SIGN_STYLE = Automatic;
				CURRENT_PROJECT_VERSION = 1;
				DEVELOPMENT_ASSET_PATHS = "\"AfricanAnimals/Preview Content\"";
				ENABLE_PREVIEWS = YES;
				GENERATE_INFOPLIST_FILE = YES;
				INFOPLIST_FILE = AfricanAnimals/Info.plist;
				INFOPLIST_KEY_UIApplicationSceneManifest_Generation = YES;
				INFOPLIST_KEY_UIApplicationSupportsIndirectInputEvents = YES;
				INFOPLIST_KEY_UISupportedInterfaceOrientations = UIInterfaceOrientationPortrait;
				INFOPLIST_KEY_UIUserInterfaceStyle = Dark;
				LD_RUNPATH_SEARCH_PATHS = (
					"$(inherited)",
					"@executable_path/Frameworks",
				);
				MARKETING_VERSION = 1.0;
				PRODUCT_BUNDLE_IDENTIFIER = com.demo.AfricanAnimals;
				PRODUCT_NAME = "$(TARGET_NAME)";
				SWIFT_EMIT_LOC_STRINGS = YES;
				SWIFT_VERSION = 5.0;
				TARGETED_DEVICE_FAMILY = "1,2";
			};
			name = Release;
		};
/* End XCBuildConfiguration section */

/* Begin XCConfigurationList section */
		8DE7BFC82A20B959004853A1 /* Build configuration list for PBXProject "AfricanAnimals" */ = {
			isa = XCConfigurationList;
			buildConfigurations = (
				8DE7BFD92A20B95E004853A1 /* Debug */,
				8DE7BFDA2A20B95E004853A1 /* Release */,
			);
			defaultConfigurationIsVisible = 0;
			defaultConfigurationName = Release;
		};
		8DE7BFDB2A20B95E004853A1 /* Build configuration list for PBXNativeTarget "AfricanAnimals" */ = {
			isa = XCConfigurationList;
			buildConfigurations = (
				8DE7BFDC2A20B95E004853A1 /* Debug */,
				8DE7BFDD2A20B95E004853A1 /* Release */,
			);
			defaultConfigurationIsVisible = 0;
			defaultConfigurationName = Release;
		};
/* End XCConfigurationList section */
	};
	rootObject = 8DE7BFC52A20B959004853A1 /* Project object */;
}
